
Microsoft Visual Studio Solution File, Format Version 12.00
Project("{2150E333-8FDC-42A3-9474-1A3956D46DE8}") = "CreationalPatterns", "CreationalPatterns", "{311404BC-095A-499C-97F3-FE264A6D1ED8}"
EndProject
Project("{FAE04EC0-301F-11D3-BF4B-00C04F79EFBC}") = "Builder", "CreationalPatterns\Builder\Builder.csproj", "{4D2317D7-196B-4161-9931-9D4142982DA2}"
EndProject
Global
	GlobalSection(SolutionConfigurationPlatforms) = preSolution
		Debug|Any CPU = Debug|Any CPU
		Release|Any CPU = Release|Any CPU
	EndGlobalSection
	GlobalSection(ProjectConfigurationPlatforms) = postSolution
		{4D2317D7-196B-4161-9931-9D4142982DA2}.Debug|Any CPU.ActiveCfg = Debug|Any CPU
		{4D2317D7-196B-4161-9931-9D4142982DA2}.Debug|Any CPU.Build.0 = Debug|Any CPU
		{4D2317D7-196B-4161-9931-9D4142982DA2}.Release|Any CPU.ActiveCfg = Release|Any CPU
		{4D2317D7-196B-4161-9931-9D4142982DA2}.Release|Any CPU.Build.0 = Release|Any CPU
	EndGlobalSection
	GlobalSection(NestedProjects) = preSolution
		{4D2317D7-196B-4161-9931-9D4142982DA2} = {311404BC-095A-499C-97F3-FE264A6D1ED8}
	EndGlobalSection
EndGlobal
